
Microsoft Visual Studio Solution File, Format Version 12.00
# Visual Studio Version 16
VisualStudioVersion = 16.0.32002.261
MinimumVisualStudioVersion = 10.0.40219.1
Project("{FAE04EC0-301F-11D3-BF4B-00C04F79EFBC}") = "ParallerProgrammingCA", "ParallerProgrammingCA\ParallerProgrammingCA.csproj", "{6646DFAB-C0E2-42B3-9775-D5C002CEDBC5}"
EndProject
Global
	GlobalSection(SolutionConfigurationPlatforms) = preSolution
		Debug|Any CPU = Debug|Any CPU
		Release|Any CPU = Release|Any CPU
	EndGlobalSection
	GlobalSection(ProjectConfigurationPlatforms) = postSolution
		{6646DFAB-C0E2-42B3-9775-D5C002CEDBC5}.Debug|Any CPU.ActiveCfg = Debug|Any CPU
		{6646DFAB-C0E2-42B3-9775-D5C002CEDBC5}.Debug|Any CPU.Build.0 = Debug|Any CPU
		{6646DFAB-C0E2-42B3-9775-D5C002CEDBC5}.Release|Any CPU.ActiveCfg = Release|Any CPU
		{6646DFAB-C0E2-42B3-9775-D5C002CEDBC5}.Release|Any CPU.Build.0 = Release|Any CPU
	EndGlobalSection
	GlobalSection(SolutionProperties) = preSolution
		HideSolutionNode = FALSE
	EndGlobalSection
	GlobalSection(ExtensibilityGlobals) = postSolution
		SolutionGuid = {E83928B6-D4DE-49CD-880C-D75C79E50BFA}
	EndGlobalSection
EndGlobal
